
Microsoft Visual Studio Solution File, Format Version 12.00
# Visual Studio Version 17
VisualStudioVersion = 17.4.33213.308
MinimumVisualStudioVersion = 10.0.40219.1
Project("{FAE04EC0-301F-11D3-BF4B-00C04F79EFBC}") = "CmcApi", "CmcApi\CmcApi.csproj", "{BD7CA47B-D2E9-419C-B531-9E84716923FE}"
EndProject
Global
	GlobalSection(SolutionConfigurationPlatforms) = preSolution
		Debug|Any CPU = Debug|Any CPU
		Release|Any CPU = Release|Any CPU
	EndGlobalSection
	GlobalSection(ProjectConfigurationPlatforms) = postSolution
		{BD7CA47B-D2E9-419C-B531-9E84716923FE}.Debug|Any CPU.ActiveCfg = Debug|Any CPU
		{BD7CA47B-D2E9-419C-B531-9E84716923FE}.Debug|Any CPU.Build.0 = Debug|Any CPU
		{BD7CA47B-D2E9-419C-B531-9E84716923FE}.Release|Any CPU.ActiveCfg = Release|Any CPU
		{BD7CA47B-D2E9-419C-B531-9E84716923FE}.Release|Any CPU.Build.0 = Release|Any CPU
	EndGlobalSection
	GlobalSection(SolutionProperties) = preSolution
		HideSolutionNode = FALSE
	EndGlobalSection
	GlobalSection(ExtensibilityGlobals) = postSolution
		SolutionGuid = {DBAAA415-078D-42CF-A114-4C07400DFC8B}
	EndGlobalSection
EndGlobal
